
Microsoft Visual Studio Solution File, Format Version 12.00
# Visual Studio Version 16
VisualStudioVersion = 16.0.31613.86
MinimumVisualStudioVersion = 10.0.40219.1
Project("{FAE04EC0-301F-11D3-BF4B-00C04F79EFBC}") = "FirstHomeWork", "FirstHomeWork\FirstHomeWork.csproj", "{261E92C1-E04A-4911-B5CE-FA50EFE5AD91}"
EndProject
Global
	GlobalSection(SolutionConfigurationPlatforms) = preSolution
		Debug|Any CPU = Debug|Any CPU
		Release|Any CPU = Release|Any CPU
	EndGlobalSection
	GlobalSection(ProjectConfigurationPlatforms) = postSolution
		{261E92C1-E04A-4911-B5CE-FA50EFE5AD91}.Debug|Any CPU.ActiveCfg = Debug|Any CPU
		{261E92C1-E04A-4911-B5CE-FA50EFE5AD91}.Debug|Any CPU.Build.0 = Debug|Any CPU
		{261E92C1-E04A-4911-B5CE-FA50EFE5AD91}.Release|Any CPU.ActiveCfg = Release|Any CPU
		{261E92C1-E04A-4911-B5CE-FA50EFE5AD91}.Release|Any CPU.Build.0 = Release|Any CPU
	EndGlobalSection
	GlobalSection(SolutionProperties) = preSolution
		HideSolutionNode = FALSE
	EndGlobalSection
	GlobalSection(ExtensibilityGlobals) = postSolution
		SolutionGuid = {845B01F3-1D84-45B6-B4DF-8AE5A2AAA154}
	EndGlobalSection
EndGlobal
